
Microsoft Visual Studio Solution File, Format Version 11.00
# Visual Basic Express 2010
Project("{F184B08F-C81C-45F6-A57F-5ABD9991F28F}") = "bkmysql", "bkmysql\bkmysql.vbproj", "{483B6874-C4E0-44F3-B501-1C9B40D34ED0}"
EndProject
Global
	GlobalSection(SolutionConfigurationPlatforms) = preSolution
		Debug|x86 = Debug|x86
		Release|x86 = Release|x86
	EndGlobalSection
	GlobalSection(ProjectConfigurationPlatforms) = postSolution
		{483B6874-C4E0-44F3-B501-1C9B40D34ED0}.Debug|x86.ActiveCfg = Debug|x86
		{483B6874-C4E0-44F3-B501-1C9B40D34ED0}.Debug|x86.Build.0 = Debug|x86
		{483B6874-C4E0-44F3-B501-1C9B40D34ED0}.Release|x86.ActiveCfg = Release|x86
		{483B6874-C4E0-44F3-B501-1C9B40D34ED0}.Release|x86.Build.0 = Release|x86
	EndGlobalSection
	GlobalSection(SolutionProperties) = preSolution
		HideSolutionNode = FALSE
	EndGlobalSection
EndGlobal
